
Microsoft Visual Studio Solution File, Format Version 12.00
# Visual Studio 14
VisualStudioVersion = 14.0.25420.1
MinimumVisualStudioVersion = 10.0.40219.1
Project("{FAE04EC0-301F-11D3-BF4B-00C04F79EFBC}") = "Kdsh.Zamówienia", "Kdsh.Zamówienia\Kdsh.Zamówienia.csproj", "{221B34ED-0603-49E8-8F88-1CC20754797F}"
EndProject
Global
	GlobalSection(SolutionConfigurationPlatforms) = preSolution
		Debug|Any CPU = Debug|Any CPU
		Release|Any CPU = Release|Any CPU
	EndGlobalSection
	GlobalSection(ProjectConfigurationPlatforms) = postSolution
		{221B34ED-0603-49E8-8F88-1CC20754797F}.Debug|Any CPU.ActiveCfg = Debug|Any CPU
		{221B34ED-0603-49E8-8F88-1CC20754797F}.Debug|Any CPU.Build.0 = Debug|Any CPU
		{221B34ED-0603-49E8-8F88-1CC20754797F}.Release|Any CPU.ActiveCfg = Release|Any CPU
		{221B34ED-0603-49E8-8F88-1CC20754797F}.Release|Any CPU.Build.0 = Release|Any CPU
	EndGlobalSection
	GlobalSection(SolutionProperties) = preSolution
		HideSolutionNode = FALSE
	EndGlobalSection
EndGlobal
